// !$*UTF8*$!
{
	archiveVersion = 1;
	classes = {
	};
	objectVersion = 55;
	objects = {

/* Begin PBXBuildFile section */
		5ED28AE828CF4C0000B52CB8 /* AppDelegate.swift in Sources */ = {isa = PBXBuildFile; fileRef = 5ED28AE728CF4C0000B52CB8 /* AppDelegate.swift */; };
		5ED28AEA28CF4C0000B52CB8 /* GameViewController.swift in Sources */ = {isa = PBXBuildFile; fileRef = 5ED28AE928CF4C0000B52CB8 /* GameViewController.swift */; };
		5ED28AED28CF4C0000B52CB8 /* Main.storyboard in Resources */ = {isa = PBXBuildFile; fileRef = 5ED28AEB28CF4C0000B52CB8 /* Main.storyboard */; };
		5ED28AF028CF4C0000B52CB8 /* LaunchScreen.storyboard in Resources */ = {isa = PBXBuildFile; fileRef = 5ED28AEE28CF4C0000B52CB8 /* LaunchScreen.storyboard */; };
		5ED28AF828CF4C0000B52CB8 /* AppDelegate.swift in Sources */ = {isa = PBXBuildFile; fileRef = 5ED28AF728CF4C0000B52CB8 /* AppDelegate.swift */; };
		5ED28AFA28CF4C0000B52CB8 /* GameViewController.swift in Sources */ = {isa = PBXBuildFile; fileRef = 5ED28AF928CF4C0000B52CB8 /* GameViewController.swift */; };
		5ED28AFD28CF4C0000B52CB8 /* Main.storyboard in Resources */ = {isa = PBXBuildFile; fileRef = 5ED28AFB28CF4C0000B52CB8 /* Main.storyboard */; };
		5ED28B0128CF4C0000B52CB8 /* GameScene.sks in Resources */ = {isa = PBXBuildFile; fileRef = 5ED28ADD28CF4BFF00B52CB8 /* GameScene.sks */; };
		5ED28B0228CF4C0000B52CB8 /* GameScene.sks in Resources */ = {isa = PBXBuildFile; fileRef = 5ED28ADD28CF4BFF00B52CB8 /* GameScene.sks */; };
		5ED28B0328CF4C0000B52CB8 /* GameScene.swift in Sources */ = {isa = PBXBuildFile; fileRef = 5ED28ADE28CF4BFF00B52CB8 /* GameScene.swift */; };
		5ED28B0428CF4C0000B52CB8 /* GameScene.swift in Sources */ = {isa = PBXBuildFile; fileRef = 5ED28ADE28CF4BFF00B52CB8 /* GameScene.swift */; };
		5ED28B0528CF4C0000B52CB8 /* Assets.xcassets in Resources */ = {isa = PBXBuildFile; fileRef = 5ED28ADF28CF4C0000B52CB8 /* Assets.xcassets */; };
		5ED28B0628CF4C0000B52CB8 /* Assets.xcassets in Resources */ = {isa = PBXBuildFile; fileRef = 5ED28ADF28CF4C0000B52CB8 /* Assets.xcassets */; };
/* End PBXBuildFile section */

/* Begin PBXFileReference section */
		5E29B885291E907A005F8348 /* README.md */ = {isa = PBXFileReference; lastKnownFileType = net.daringfireball.markdown; path = README.md; sourceTree = "<group>"; };
		5ED28ADD28CF4BFF00B52CB8 /* GameScene.sks */ = {isa = PBXFileReference; lastKnownFileType = file.sks; path = GameScene.sks; sourceTree = "<group>"; };
		5ED28ADE28CF4BFF00B52CB8 /* GameScene.swift */ = {isa = PBXFileReference; lastKnownFileType = sourcecode.swift; path = GameScene.swift; sourceTree = "<group>"; };
		5ED28ADF28CF4C0000B52CB8 /* Assets.xcassets */ = {isa = PBXFileReference; lastKnownFileType = folder.assetcatalog; path = Assets.xcassets; sourceTree = "<group>"; };
		5ED28AE428CF4C0000B52CB8 /* block-puzzle.app */ = {isa = PBXFileReference; explicitFileType = wrapper.application; includeInIndex = 0; path = "block-puzzle.app"; sourceTree = BUILT_PRODUCTS_DIR; };
		5ED28AE728CF4C0000B52CB8 /* AppDelegate.swift */ = {isa = PBXFileReference; lastKnownFileType = sourcecode.swift; path = AppDelegate.swift; sourceTree = "<group>"; };
		5ED28AE928CF4C0000B52CB8 /* GameViewController.swift */ = {isa = PBXFileReference; lastKnownFileType = sourcecode.swift; path = GameViewController.swift; sourceTree = "<group>"; };
		5ED28AEC28CF4C0000B52CB8 /* Base */ = {isa = PBXFileReference; lastKnownFileType = file.storyboard; name = Base; path = Base.lproj/Main.storyboard; sourceTree = "<group>"; };
		5ED28AEF28CF4C0000B52CB8 /* Base */ = {isa = PBXFileReference; lastKnownFileType = file.storyboard; name = Base; path = Base.lproj/LaunchScreen.storyboard; sourceTree = "<group>"; };
		5ED28AF528CF4C0000B52CB8 /* block-puzzle.app */ = {isa = PBXFileReference; explicitFileType = wrapper.application; includeInIndex = 0; path = "block-puzzle.app"; sourceTree = BUILT_PRODUCTS_DIR; };
		5ED28AF728CF4C0000B52CB8 /* AppDelegate.swift */ = {isa = PBXFileReference; lastKnownFileType = sourcecode.swift; path = AppDelegate.swift; sourceTree = "<group>"; };
		5ED28AF928CF4C0000B52CB8 /* GameViewController.swift */ = {isa = PBXFileReference; lastKnownFileType = sourcecode.swift; path = GameViewController.swift; sourceTree = "<group>"; };
		5ED28AFC28CF4C0000B52CB8 /* Base */ = {isa = PBXFileReference; lastKnownFileType = file.storyboard; name = Base; path = Base.lproj/Main.storyboard; sourceTree = "<group>"; };
		5ED28AFE28CF4C0000B52CB8 /* block_puzzle_macOS.entitlements */ = {isa = PBXFileReference; lastKnownFileType = text.plist.entitlements; path = block_puzzle_macOS.entitlements; sourceTree = "<group>"; };
/* End PBXFileReference section */

/* Begin PBXFrameworksBuildPhase section */
		5ED28AE128CF4C0000B52CB8 /* Frameworks */ = {
			isa = PBXFrameworksBuildPhase;
			buildActionMask = 2147483647;
			files = (
			);
			runOnlyForDeploymentPostprocessing = 0;
		};
		5ED28AF228CF4C0000B52CB8 /* Frameworks */ = {
			isa = PBXFrameworksBuildPhase;
			buildActionMask = 2147483647;
			files = (
			);
			runOnlyForDeploymentPostprocessing = 0;
		};
/* End PBXFrameworksBuildPhase section */

/* Begin PBXGroup section */
		5ED28AD628CF4BFF00B52CB8 = {
			isa = PBXGroup;
			children = (
				5E29B885291E907A005F8348 /* README.md */,
				5ED28ADB28CF4BFF00B52CB8 /* block-puzzle Shared */,
				5ED28AE628CF4C0000B52CB8 /* block-puzzle iOS */,
				5ED28AF628CF4C0000B52CB8 /* block-puzzle macOS */,
				5ED28AE528CF4C0000B52CB8 /* Products */,
			);
			sourceTree = "<group>";
		};
		5ED28ADB28CF4BFF00B52CB8 /* block-puzzle Shared */ = {
			isa = PBXGroup;
			children = (
				5ED28ADD28CF4BFF00B52CB8 /* GameScene.sks */,
				5ED28ADE28CF4BFF00B52CB8 /* GameScene.swift */,
				5ED28ADF28CF4C0000B52CB8 /* Assets.xcassets */,
			);
			path = "block-puzzle Shared";
			sourceTree = "<group>";
		};
		5ED28AE528CF4C0000B52CB8 /* Products */ = {
			isa = PBXGroup;
			children = (
				5ED28AE428CF4C0000B52CB8 /* block-puzzle.app */,
				5ED28AF528CF4C0000B52CB8 /* block-puzzle.app */,
			);
			name = Products;
			sourceTree = "<group>";
		};
		5ED28AE628CF4C0000B52CB8 /* block-puzzle iOS */ = {
			isa = PBXGroup;
			children = (
				5ED28AE728CF4C0000B52CB8 /* AppDelegate.swift */,
				5ED28AE928CF4C0000B52CB8 /* GameViewController.swift */,
				5ED28AEB28CF4C0000B52CB8 /* Main.storyboard */,
				5ED28AEE28CF4C0000B52CB8 /* LaunchScreen.storyboard */,
			);
			path = "block-puzzle iOS";
			sourceTree = "<group>";
		};
		5ED28AF628CF4C0000B52CB8 /* block-puzzle macOS */ = {
			isa = PBXGroup;
			children = (
				5ED28AF728CF4C0000B52CB8 /* AppDelegate.swift */,
				5ED28AF928CF4C0000B52CB8 /* GameViewController.swift */,
				5ED28AFB28CF4C0000B52CB8 /* Main.storyboard */,
				5ED28AFE28CF4C0000B52CB8 /* block_puzzle_macOS.entitlements */,
			);
			path = "block-puzzle macOS";
			sourceTree = "<group>";
		};
/* End PBXGroup section */

/* Begin PBXNativeTarget section */
		5ED28AE328CF4C0000B52CB8 /* block-puzzle iOS */ = {
			isa = PBXNativeTarget;
			buildConfigurationList = 5ED28B0928CF4C0000B52CB8 /* Build configuration list for PBXNativeTarget "block-puzzle iOS" */;
			buildPhases = (
				5ED28AE028CF4C0000B52CB8 /* Sources */,
				5ED28AE128CF4C0000B52CB8 /* Frameworks */,
				5ED28AE228CF4C0000B52CB8 /* Resources */,
			);
			buildRules = (
			);
			dependencies = (
			);
			name = "block-puzzle iOS";
			productName = "block-puzzle iOS";
			productReference = 5ED28AE428CF4C0000B52CB8 /* block-puzzle.app */;
			productType = "com.apple.product-type.application";
		};
		5ED28AF428CF4C0000B52CB8 /* block-puzzle macOS */ = {
			isa = PBXNativeTarget;
			buildConfigurationList = 5ED28B0C28CF4C0000B52CB8 /* Build configuration list for PBXNativeTarget "block-puzzle macOS" */;
			buildPhases = (
				5ED28AF128CF4C0000B52CB8 /* Sources */,
				5ED28AF228CF4C0000B52CB8 /* Frameworks */,
				5ED28AF328CF4C0000B52CB8 /* Resources */,
			);
			buildRules = (
			);
			dependencies = (
			);
			name = "block-puzzle macOS";
			productName = "block-puzzle macOS";
			productReference = 5ED28AF528CF4C0000B52CB8 /* block-puzzle.app */;
			productType = "com.apple.product-type.application";
		};
/* End PBXNativeTarget section */

/* Begin PBXProject section */
		5ED28AD728CF4BFF00B52CB8 /* Project object */ = {
			isa = PBXProject;
			attributes = {
				BuildIndependentTargetsInParallel = 1;
				LastSwiftUpdateCheck = 1340;
				LastUpgradeCheck = 1410;
				TargetAttributes = {
					5ED28AE328CF4C0000B52CB8 = {
						CreatedOnToolsVersion = 13.4.1;
					};
					5ED28AF428CF4C0000B52CB8 = {
						CreatedOnToolsVersion = 13.4.1;
					};
				};
			};
			buildConfigurationList = 5ED28ADA28CF4BFF00B52CB8 /* Build configuration list for PBXProject "block-puzzle" */;
			compatibilityVersion = "Xcode 13.0";
			developmentRegion = en;
			hasScannedForEncodings = 0;
			knownRegions = (
				en,
				Base,
			);
			mainGroup = 5ED28AD628CF4BFF00B52CB8;
			productRefGroup = 5ED28AE528CF4C0000B52CB8 /* Products */;
			projectDirPath = "";
			projectRoot = "";
			targets = (
				5ED28AE328CF4C0000B52CB8 /* block-puzzle iOS */,
				5ED28AF428CF4C0000B52CB8 /* block-puzzle macOS */,
			);
		};
/* End PBXProject section */

/* Begin PBXResourcesBuildPhase section */
		5ED28AE228CF4C0000B52CB8 /* Resources */ = {
			isa = PBXResourcesBuildPhase;
			buildActionMask = 2147483647;
			files = (
				5ED28B0128CF4C0000B52CB8 /* GameScene.sks in Resources */,
				5ED28AED28CF4C0000B52CB8 /* Main.storyboard in Resources */,
				5ED28AF028CF4C0000B52CB8 /* LaunchScreen.storyboard in Resources */,
				5ED28B0528CF4C0000B52CB8 /* Assets.xcassets in Resources */,
			);
			runOnlyForDeploymentPostprocessing = 0;
		};
		5ED28AF328CF4C0000B52CB8 /* Resources */ = {
			isa = PBXResourcesBuildPhase;
			buildActionMask = 2147483647;
			files = (
				5ED28AFD28CF4C0000B52CB8 /* Main.storyboard in Resources */,
				5ED28B0228CF4C0000B52CB8 /* GameScene.sks in Resources */,
				5ED28B0628CF4C0000B52CB8 /* Assets.xcassets in Resources */,
			);
			runOnlyForDeploymentPostprocessing = 0;
		};
/* End PBXResourcesBuildPhase section */

/* Begin PBXSourcesBuildPhase section */
		5ED28AE028CF4C0000B52CB8 /* Sources */ = {
			isa = PBXSourcesBuildPhase;
			buildActionMask = 2147483647;
			files = (
				5ED28B0328CF4C0000B52CB8 /* GameScene.swift in Sources */,
				5ED28AEA28CF4C0000B52CB8 /* GameViewController.swift in Sources */,
				5ED28AE828CF4C0000B52CB8 /* AppDelegate.swift in Sources */,
			);
			runOnlyForDeploymentPostprocessing = 0;
		};
		5ED28AF128CF4C0000B52CB8 /* Sources */ = {
			isa = PBXSourcesBuildPhase;
			buildActionMask = 2147483647;
			files = (
				5ED28B0428CF4C0000B52CB8 /* GameScene.swift in Sources */,
				5ED28AFA28CF4C0000B52CB8 /* GameViewController.swift in Sources */,
				5ED28AF828CF4C0000B52CB8 /* AppDelegate.swift in Sources */,
			);
			runOnlyForDeploymentPostprocessing = 0;
		};
/* End PBXSourcesBuildPhase section */

/* Begin PBXVariantGroup section */
		5ED28AEB28CF4C0000B52CB8 /* Main.storyboard */ = {
			isa = PBXVariantGroup;
			children = (
				5ED28AEC28CF4C0000B52CB8 /* Base */,
			);
			name = Main.storyboard;
			sourceTree = "<group>";
		};
		5ED28AEE28CF4C0000B52CB8 /* LaunchScreen.storyboard */ = {
			isa = PBXVariantGroup;
			children = (
				5ED28AEF28CF4C0000B52CB8 /* Base */,
			);
			name = LaunchScreen.storyboard;
			sourceTree = "<group>";
		};
		5ED28AFB28CF4C0000B52CB8 /* Main.storyboard */ = {
			isa = PBXVariantGroup;
			children = (
				5ED28AFC28CF4C0000B52CB8 /* Base */,
			);
			name = Main.storyboard;
			sourceTree = "<group>";
		};
/* End PBXVariantGroup section */

/* Begin XCBuildConfiguration section */
		5ED28B0728CF4C0000B52CB8 /* Debug */ = {
			isa = XCBuildConfiguration;
			buildSettings = {
				ALWAYS_SEARCH_USER_PATHS = NO;
				CLANG_ANALYZER_NONNULL = YES;
				CLANG_ANALYZER_NUMBER_OBJECT_CONVERSION = YES_AGGRESSIVE;
				CLANG_CXX_LANGUAGE_STANDARD = "gnu++17";
				CLANG_ENABLE_MODULES = YES;
				CLANG_ENABLE_OBJC_ARC = YES;
				CLANG_ENABLE_OBJC_WEAK = YES;
				CLANG_WARN_BLOCK_CAPTURE_AUTORELEASING = YES;
				CLANG_WARN_BOOL_CONVERSION = YES;
				CLANG_WARN_COMMA = YES;
				CLANG_WARN_CONSTANT_CONVERSION = YES;
				CLANG_WARN_DEPRECATED_OBJC_IMPLEMENTATIONS = YES;
				CLANG_WARN_DIRECT_OBJC_ISA_USAGE = YES_ERROR;
				CLANG_WARN_DOCUMENTATION_COMMENTS = YES;
				CLANG_WARN_EMPTY_BODY = YES;
				CLANG_WARN_ENUM_CONVERSION = YES;
				CLANG_WARN_INFINITE_RECURSION = YES;
				CLANG_WARN_INT_CONVERSION = YES;
				CLANG_WARN_NON_LITERAL_NULL_CONVERSION = YES;
				CLANG_WARN_OBJC_IMPLICIT_RETAIN_SELF = YES;
				CLANG_WARN_OBJC_LITERAL_CONVERSION = YES;
				CLANG_WARN_OBJC_ROOT_CLASS = YES_ERROR;
				CLANG_WARN_QUOTED_INCLUDE_IN_FRAMEWORK_HEADER = YES;
				CLANG_WARN_RANGE_LOOP_ANALYSIS = YES;
				CLANG_WARN_STRICT_PROTOTYPES = YES;
				CLANG_WARN_SUSPICIOUS_MOVE = YES;
				CLANG_WARN_UNGUARDED_AVAILABILITY = YES_AGGRESSIVE;
				CLANG_WARN_UNREACHABLE_CODE = YES;
				CLANG_WARN__DUPLICATE_METHOD_MATCH = YES;
				COPY_PHASE_STRIP = NO;
				DEAD_CODE_STRIPPING = YES;
				DEBUG_INFORMATION_FORMAT = dwarf;
				ENABLE_STRICT_OBJC_MSGSEND = YES;
				ENABLE_TESTABILITY = YES;
				GCC_C_LANGUAGE_STANDARD = gnu11;
				GCC_DYNAMIC_NO_PIC = NO;
				GCC_NO_COMMON_BLOCKS = YES;
				GCC_OPTIMIZATION_LEVEL = 0;
				GCC_PREPROCESSOR_DEFINITIONS = (
					"DEBUG=1",
					"$(inherited)",
				);
				GCC_WARN_64_TO_32_BIT_CONVERSION = YES;
				GCC_WARN_ABOUT_RETURN_TYPE = YES_ERROR;
				GCC_WARN_UNDECLARED_SELECTOR = YES;
				GCC_WARN_UNINITIALIZED_AUTOS = YES_AGGRESSIVE;
				GCC_WARN_UNUSED_FUNCTION = YES;
				GCC_WARN_UNUSED_VARIABLE = YES;
				MTL_ENABLE_DEBUG_INFO = INCLUDE_SOURCE;
				MTL_FAST_MATH = YES;
				ONLY_ACTIVE_ARCH = YES;
				SWIFT_ACTIVE_COMPILATION_CONDITIONS = DEBUG;
				SWIFT_OPTIMIZATION_LEVEL = "-Onone";
			};
			name = Debug;
		};
		5ED28B0828CF4C0000B52CB8 /* Release */ = {
			isa = XCBuildConfiguration;
			buildSettings = {
				ALWAYS_SEARCH_USER_PATHS = NO;
				CLANG_ANALYZER_NONNULL = YES;
				CLANG_ANALYZER_NUMBER_OBJECT_CONVERSION = YES_AGGRESSIVE;
				CLANG_CXX_LANGUAGE_STANDARD = "gnu++17";
				CLANG_ENABLE_MODULES = YES;
				CLANG_ENABLE_OBJC_ARC = YES;
				CLANG_ENABLE_OBJC_WEAK = YES;
				CLANG_WARN_BLOCK_CAPTURE_AUTORELEASING = YES;
				CLANG_WARN_BOOL_CONVERSION = YES;
				CLANG_WARN_COMMA = YES;
				CLANG_WARN_CONSTANT_CONVERSION = YES;
				CLANG_WARN_DEPRECATED_OBJC_IMPLEMENTATIONS = YES;
				CLANG_WARN_DIRECT_OBJC_ISA_USAGE = YES_ERROR;
				CLANG_WARN_DOCUMENTATION_COMMENTS = YES;
				CLANG_WARN_EMPTY_BODY = YES;
				CLANG_WARN_ENUM_CONVERSION = YES;
				CLANG_WARN_INFINITE_RECURSION = YES;
				CLANG_WARN_INT_CONVERSION = YES;
				CLANG_WARN_NON_LITERAL_NULL_CONVERSION = YES;
				CLANG_WARN_OBJC_IMPLICIT_RETAIN_SELF = YES;
				CLANG_WARN_OBJC_LITERAL_CONVERSION = YES;
				CLANG_WARN_OBJC_ROOT_CLASS = YES_ERROR;
				CLANG_WARN_QUOTED_INCLUDE_IN_FRAMEWORK_HEADER = YES;
				CLANG_WARN_RANGE_LOOP_ANALYSIS = YES;
				CLANG_WARN_STRICT_PROTOTYPES = YES;
				CLANG_WARN_SUSPICIOUS_MOVE = YES;
				CLANG_WARN_UNGUARDED_AVAILABILITY = YES_AGGRESSIVE;
				CLANG_WARN_UNREACHABLE_CODE = YES;
				CLANG_WARN__DUPLICATE_METHOD_MATCH = YES;
				COPY_PHASE_STRIP = NO;
				DEAD_CODE_STRIPPING = YES;
				DEBUG_INFORMATION_FORMAT = "dwarf-with-dsym";
				ENABLE_NS_ASSERTIONS = NO;
				ENABLE_STRICT_OBJC_MSGSEND = YES;
				GCC_C_LANGUAGE_STANDARD = gnu11;
				GCC_NO_COMMON_BLOCKS = YES;
				GCC_WARN_64_TO_32_BIT_CONVERSION = YES;
				GCC_WARN_ABOUT_RETURN_TYPE = YES_ERROR;
				GCC_WARN_UNDECLARED_SELECTOR = YES;
				GCC_WARN_UNINITIALIZED_AUTOS = YES_AGGRESSIVE;
				GCC_WARN_UNUSED_FUNCTION = YES;
				GCC_WARN_UNUSED_VARIABLE = YES;
				MTL_ENABLE_DEBUG_INFO = NO;
				MTL_FAST_MATH = YES;
				SWIFT_COMPILATION_MODE = wholemodule;
				SWIFT_OPTIMIZATION_LEVEL = "-O";
			};
			name = Release;
		};
		5ED28B0A28CF4C0000B52CB8 /* Debug */ = {
			isa = XCBuildConfiguration;
			buildSettings = {
				ASSETCATALOG_COMPILER_APPICON_NAME = AppIcon;
				ASSETCATALOG_COMPILER_GLOBAL_ACCENT_COLOR_NAME = AccentColor;
				CODE_SIGN_STYLE = Automatic;
				CURRENT_PROJECT_VERSION = 1;
				GENERATE_INFOPLIST_FILE = YES;
				INFOPLIST_KEY_UIApplicationSupportsIndirectInputEvents = YES;
				INFOPLIST_KEY_UILaunchStoryboardName = LaunchScreen;
				INFOPLIST_KEY_UIMainStoryboardFile = Main;
				INFOPLIST_KEY_UIStatusBarHidden = YES;
				INFOPLIST_KEY_UISupportedInterfaceOrientations_iPad = "UIInterfaceOrientationPortrait UIInterfaceOrientationPortraitUpsideDown UIInterfaceOrientationLandscapeLeft UIInterfaceOrientationLandscapeRight";
				INFOPLIST_KEY_UISupportedInterfaceOrientations_iPhone = "UIInterfaceOrientationPortrait UIInterfaceOrientationLandscapeLeft UIInterfaceOrientationLandscapeRight";
				IPHONEOS_DEPLOYMENT_TARGET = 15.5;
				LD_RUNPATH_SEARCH_PATHS = (
					"$(inherited)",
					"@executable_path/Frameworks",
				);
				MARKETING_VERSION = 1.0;
				PRODUCT_BUNDLE_IDENTIFIER = "takeiteasy.block-puzzle";
				PRODUCT_NAME = "block-puzzle";
				SDKROOT = iphoneos;
				SWIFT_EMIT_LOC_STRINGS = YES;
				SWIFT_VERSION = 5.0;
				TARGETED_DEVICE_FAMILY = "1,2";
			};
			name = Debug;
		};
		5ED28B0B28CF4C0000B52CB8 /* Release */ = {
			isa = XCBuildConfiguration;
			buildSettings = {
				ASSETCATALOG_COMPILER_APPICON_NAME = AppIcon;
				ASSETCATALOG_COMPILER_GLOBAL_ACCENT_COLOR_NAME = AccentColor;
				CODE_SIGN_STYLE = Automatic;
				CURRENT_PROJECT_VERSION = 1;
				GENERATE_INFOPLIST_FILE = YES;
				INFOPLIST_KEY_UIApplicationSupportsIndirectInputEvents = YES;
				INFOPLIST_KEY_UILaunchStoryboardName = LaunchScreen;
				INFOPLIST_KEY_UIMainStoryboardFile = Main;
				INFOPLIST_KEY_UIStatusBarHidden = YES;
				INFOPLIST_KEY_UISupportedInterfaceOrientations_iPad = "UIInterfaceOrientationPortrait UIInterfaceOrientationPortraitUpsideDown UIInterfaceOrientationLandscapeLeft UIInterfaceOrientationLandscapeRight";
				INFOPLIST_KEY_UISupportedInterfaceOrientations_iPhone = "UIInterfaceOrientationPortrait UIInterfaceOrientationLandscapeLeft UIInterfaceOrientationLandscapeRight";
				IPHONEOS_DEPLOYMENT_TARGET = 15.5;
				LD_RUNPATH_SEARCH_PATHS = (
					"$(inherited)",
					"@executable_path/Frameworks",
				);
				MARKETING_VERSION = 1.0;
				PRODUCT_BUNDLE_IDENTIFIER = "takeiteasy.block-puzzle";
				PRODUCT_NAME = "block-puzzle";
				SDKROOT = iphoneos;
				SWIFT_EMIT_LOC_STRINGS = YES;
				SWIFT_VERSION = 5.0;
				TARGETED_DEVICE_FAMILY = "1,2";
				VALIDATE_PRODUCT = YES;
			};
			name = Release;
		};
		5ED28B0D28CF4C0000B52CB8 /* Debug */ = {
			isa = XCBuildConfiguration;
			buildSettings = {
				ASSETCATALOG_COMPILER_APPICON_NAME = AppIcon;
				ASSETCATALOG_COMPILER_GLOBAL_ACCENT_COLOR_NAME = AccentColor;
				CODE_SIGN_ENTITLEMENTS = "block-puzzle macOS/block_puzzle_macOS.entitlements";
				CODE_SIGN_IDENTITY = "-";
				CODE_SIGN_STYLE = Automatic;
				COMBINE_HIDPI_IMAGES = YES;
				CURRENT_PROJECT_VERSION = 1;
				DEAD_CODE_STRIPPING = YES;
				GENERATE_INFOPLIST_FILE = YES;
				INFOPLIST_KEY_NSHumanReadableCopyright = "";
				INFOPLIST_KEY_NSMainStoryboardFile = Main;
				INFOPLIST_KEY_NSPrincipalClass = NSApplication;
				LD_RUNPATH_SEARCH_PATHS = (
					"$(inherited)",
					"@executable_path/../Frameworks",
				);
				MACOSX_DEPLOYMENT_TARGET = 12.3;
				MARKETING_VERSION = 1.0;
				PRODUCT_BUNDLE_IDENTIFIER = "takeiteasy.block-puzzle";
				PRODUCT_NAME = "block-puzzle";
				SDKROOT = macosx;
				SWIFT_EMIT_LOC_STRINGS = YES;
				SWIFT_VERSION = 5.0;
			};
			name = Debug;
		};
		5ED28B0E28CF4C0000B52CB8 /* Release */ = {
			isa = XCBuildConfiguration;
			buildSettings = {
				ASSETCATALOG_COMPILER_APPICON_NAME = AppIcon;
				ASSETCATALOG_COMPILER_GLOBAL_ACCENT_COLOR_NAME = AccentColor;
				CODE_SIGN_ENTITLEMENTS = "block-puzzle macOS/block_puzzle_macOS.entitlements";
				CODE_SIGN_IDENTITY = "-";
				CODE_SIGN_STYLE = Automatic;
				COMBINE_HIDPI_IMAGES = YES;
				CURRENT_PROJECT_VERSION = 1;
				DEAD_CODE_STRIPPING = YES;
				GENERATE_INFOPLIST_FILE = YES;
				INFOPLIST_KEY_NSHumanReadableCopyright = "";
				INFOPLIST_KEY_NSMainStoryboardFile = Main;
				INFOPLIST_KEY_NSPrincipalClass = NSApplication;
				LD_RUNPATH_SEARCH_PATHS = (
					"$(inherited)",
					"@executable_path/../Frameworks",
				);
				MACOSX_DEPLOYMENT_TARGET = 12.3;
				MARKETING_VERSION = 1.0;
				PRODUCT_BUNDLE_IDENTIFIER = "takeiteasy.block-puzzle";
				PRODUCT_NAME = "block-puzzle";
				SDKROOT = macosx;
				SWIFT_EMIT_LOC_STRINGS = YES;
				SWIFT_VERSION = 5.0;
			};
			name = Release;
		};
/* End XCBuildConfiguration section */

/* Begin XCConfigurationList section */
		5ED28ADA28CF4BFF00B52CB8 /* Build configuration list for PBXProject "block-puzzle" */ = {
			isa = XCConfigurationList;
			buildConfigurations = (
				5ED28B0728CF4C0000B52CB8 /* Debug */,
				5ED28B0828CF4C0000B52CB8 /* Release */,
			);
			defaultConfigurationIsVisible = 0;
			defaultConfigurationName = Release;
		};
		5ED28B0928CF4C0000B52CB8 /* Build configuration list for PBXNativeTarget "block-puzzle iOS" */ = {
			isa = XCConfigurationList;
			buildConfigurations = (
				5ED28B0A28CF4C0000B52CB8 /* Debug */,
				5ED28B0B28CF4C0000B52CB8 /* Release */,
			);
			defaultConfigurationIsVisible = 0;
			defaultConfigurationName = Release;
		};
		5ED28B0C28CF4C0000B52CB8 /* Build configuration list for PBXNativeTarget "block-puzzle macOS" */ = {
			isa = XCConfigurationList;
			buildConfigurations = (
				5ED28B0D28CF4C0000B52CB8 /* Debug */,
				5ED28B0E28CF4C0000B52CB8 /* Release */,
			);
			defaultConfigurationIsVisible = 0;
			defaultConfigurationName = Release;
		};
/* End XCConfigurationList section */
	};
	rootObject = 5ED28AD728CF4BFF00B52CB8 /* Project object */;
}
